lockfileVersion: '9.0'

settings:
  autoInstallPeers: true
  excludeLinksFromLockfile: false

importers:

  .:
    devDependencies:
      '@types/bun':
        specifier: 1.4.0
        version: 1.4.0
      bun:
        specifier: 1.4.0
        version: 1.4.0
      elysia:
        specifier: 1.4.30
        version: 1.4.30(@sinclair/typebox@0.34.52)(@types/bun@1.4.0)(exact-mirror@1.2.4)(file-type@22.0.2)(openapi-types@12.1.3)(typescript@5.9.3)
      hono:
        specifier: 4.13.5
        version: 4.13.5
      typescript:
        specifier: 5.9.3
        version: 5.9.3

  fixtures/basic:
    dependencies:
      '@orvox/core':
        specifier: workspace:*
        version: link:../../packages/core

  packages/cli:
    dependencies:
      '@orvox/compiler':
        specifier: workspace:*
        version: link:../compiler

  packages/compiler:
    dependencies:
      typescript:
        specifier: 5.9.3
        version: 5.9.3

  packages/core:
    dependencies:
      '@orvox/schema':
        specifier: workspace:*
        version: link:../schema

  packages/schema: {}

packages:

  '@borewit/text-codec@0.2.2':
    resolution: {integrity: sha512-DDaRehssg1aNrH4+2hnj1B7vnUGEjU6OIlyRdkMd0aUdIUvKXrJfXsy8LVtXAy7DRvYVluWbMspsRhz2lcW0mQ==}

  '@oven/bun-darwin-aarch64@1.4.0':
    resolution: {integrity: sha512-GCpf8QuFLsyioVawP5HrMxA1ZRBlu6Hq9RNnSc3UTUWAzIxBso9trjoZczw1HdgpqSssFkszfIV2zmOzFTjhkw==}
    cpu: [arm64]
    os: [darwin]

  '@oven/bun-darwin-x64@1.4.0':
    resolution: {integrity: sha512-cIrhwOr0SPEraewznhC+c/k6TG8bwFn5uZ4EJuXwjiKJLcAF36q7/bGjWkeXSe48JwMcPRUR054JXF7+cRwSSA==}
    cpu: [x64]
    os: [darwin]

  '@oven/bun-freebsd-aarch64@1.4.0':
    resolution: {integrity: sha512-09x7wnjMR6M5KGBDBhVl2CpfoCIQOkVDbPX2KfIhpXv4N6grbWE7dfLPw/Ydi9gaUMGhU7UKhoz444Nu6RCycA==}
    cpu: [arm64]
    os: [freebsd]

  '@oven/bun-freebsd-x64@1.4.0':
    resolution: {integrity: sha512-dRwzti/qJqV1HWplU27iUWUqp+f2DtFSf2yqQKSb+HH2dDOC//Uqd9u/A5h1DMsLszfP5OGP9UwQIKxVwFODaA==}
    cpu: [x64]
    os: [freebsd]

  '@oven/bun-linux-aarch64-android@1.4.0':
    resolution: {integrity: sha512-HpPIxJfDNPBPhiBNMyZoo/dOLijARfsx5j72vNuLtaTvl0Hh7HUculxjsOQ2WSyGoCgqXMEr1Qqjab1im9u1RA==}
    cpu: [arm64]
    os: [android]

  '@oven/bun-linux-aarch64-musl@1.4.0':
    resolution: {integrity: sha512-RUjAAkJ/CdNV++zVxyANWshPc73CECYsfhk0fWAkoJjtywxJ2BwXzI6nopBBDMfs0HS+fhRGn6zGwU8ccxLeJg==}
    cpu: [arm64]
    os: [linux]
    libc: [musl]

  '@oven/bun-linux-aarch64@1.4.0':
    resolution: {integrity: sha512-Y5yAtCbHK6JjprXEtkdklDQFPADgs+CkfcliyY5g4JJ8baGHyQSrfpSkX3XVJ2C+aBLsdwNDdW+oczMsAwx6uA==}
    cpu: [arm64]
    os: [linux]
    libc: [glibc]

  '@oven/bun-linux-x64-android@1.4.0':
    resolution: {integrity: sha512-u++KyLlfMn36yWz+AgJs+fZtS46UFDNpSSZhrcitkytONtNwq0X6Q9BDVEFXxYl/+Eec0xme1rb6MgW+U35WeA==}
    cpu: [x64]
    os: [android]

  '@oven/bun-linux-x64-musl@1.4.0':
    resolution: {integrity: sha512-C1Dv+ISL8YKEKM9jAHzNifOcRUoziy6UMxh+yVXjUCP6QnbRhENDHLaIWWkQZJyBLTn0I3xozflorAlHiGzGqA==}
    cpu: [x64]
    os: [linux]
    libc: [musl]

  '@oven/bun-linux-x64@1.4.0':
    resolution: {integrity: sha512-Du44zebtPXJujvMLmtIxEQ6ykOhYt7L/Q+YIGVm+Yy+Pj/fpOnq60ggwIpKp/pGAFbYHNiTrA3JTjuZ9MTbZIg==}
    cpu: [x64]
    os: [linux]
    libc: [glibc]

  '@oven/bun-windows-aarch64@1.4.0':
    resolution: {integrity: sha512-FBAYaQpJBP0asgqzL6NFUfjdQqsV+kvTpJ/eWxPKj+RcDgIfPSuE8kvQuPYu5pa8u8JTujYMjmuyvHxVuQsInA==}
    cpu: [arm64]
    os: [win32]

  '@oven/bun-windows-x64@1.4.0':
    resolution: {integrity: sha512-jRKv1NPLznMSZY5BEWciMF7zv0Tiyo2pQSxAJ3w+YWJ6y3VWNJQQQdLlV5Jx8lbOFDrJdrc9dD3GV17k3BP41A==}
    cpu: [x64]
    os: [win32]

  '@sinclair/typebox@0.34.52':
    resolution: {integrity: sha512-XiMQh7qqVlxZzcVD+kkGMNGMzcTrDMLWI7S4x7z1MkCkbDPrekpZXEUK0eZqZFMuHQg2a2DZOcDIh9o5v3Gonw==}

  '@tokenizer/inflate@0.4.1':
    resolution: {integrity: sha512-2mAv+8pkG6GIZiF1kNg1jAjh27IDxEPKwdGul3snfztFerfPGI1LjDezZp3i7BElXompqEtPmoPx6c2wgtWsOA==}
    engines: {node: '>=18'}

  '@tokenizer/token@0.3.0':
    resolution: {integrity: sha512-OvjF+z51L3ov0OyAU0duzsYuvO01PH7x4t6DJx+guahgTnBHkhJdG7soQeTSFLWN3efnHyibZ4Z8l2EuWwJN3A==}

  '@types/bun@1.4.0':
    resolution: {integrity: sha512-K+lZULY23vRgK/CfTjFIV+tyifaNdSMlPh9j+6mQ/cLfpOznLyAuzgV/JQysyECpkBQLVMSyvjlr2fBUSA9wFQ==}

  '@types/node@26.4.0':
    resolution: {integrity: sha512-faiGnoIrLH/V8cibOMEAZ8pMw6oXqSukl29ra4mN8GdaB2ZewzeaLj+INpV5N+Z1eKWzY+IzaIZH2EIR6YZRNQ==}

  bun-types@1.4.0:
    resolution: {integrity: sha512-iIKw23BspnQQYd3prITOBxeUsxBHnwzX6YJfGMuNOZzeNcMmVqzIIVGRm1l69ogaPQmb4wB6BN8mA5bE9YuC5Q==}

  bun@1.4.0:
    resolution: {integrity: sha512-iRiFkc2W7UVpCyZXO9tod45TP9QCyN19fWqbpeN/jaM/K7uzeHYx/OSPsahMJazGKBgPsnxRt+4Jc43d8BcHZw==}
    cpu: [arm64, x64]
    os: [darwin, linux, android, freebsd, win32]
    hasBin: true

  cookie@1.1.1:
    resolution: {integrity: sha512-ei8Aos7ja0weRpFzJnEA9UHJ/7XQmqglbRwnf2ATjcB9Wq874VKH9kfjjirM6UhU2/E5fFYadylyhFldcqSidQ==}
    engines: {node: '>=18'}

  debug@4.4.3:
    resolution: {integrity: sha512-RGwwWnwQvkVfavKVt22FGLw+xYSdzARwm0ru6DhTVA3umU5hZc28V3kO4stgYryrTlLpuvgI9GiijltAjNbcqA==}
    engines: {node: '>=6.0'}
    peerDependencies:
      supports-color: '*'
    peerDependenciesMeta:
      supports-color:
        optional: true

  elysia@1.4.30:
    resolution: {integrity: sha512-S2qqV0CbM4faB1hQQ5IYoeYnAUinjHlzRduxaBc4OoNqh0GjOc8k6tt3hv5ozWcG6Svr6hugw6JL4zNke4jwfA==}
    peerDependencies:
      '@sinclair/typebox': '>= 0.34.0 < 1'
      '@types/bun': '>= 1.2.0'
      exact-mirror: '>= 0.0.9'
      file-type: '>= 20.0.0'
      openapi-types: '>= 12.0.0'
      typescript: '>= 5.0.0'
    peerDependenciesMeta:
      '@types/bun':
        optional: true
      typescript:
        optional: true

  exact-mirror@1.2.4:
    resolution: {integrity: sha512-lNLw824fkSqcHSxNIh8skA7gHO5X5Q8UUllXuRedtJCU8cJwKOT3XPQY8GfhveatFMO4nCK8+oEXsLGErMWC/Q==}
    peerDependencies:
      typebox: '>= 1.1.0'
    peerDependenciesMeta:
      typebox:
        optional: true

  fast-decode-uri-component@1.0.1:
    resolution: {integrity: sha512-WKgKWg5eUxvRZGwW8FvfbaH7AXSh2cL+3j5fMGzUMCxWBJ3dV3a7Wz8y2f/uQ0e3B6WmodD3oS54jTQ9HVTIIg==}

  file-type@22.0.2:
    resolution: {integrity: sha512-0H8TsCUGBLx+V5adH3EY52hTAcyLKbV1D4gq5cIOJ6DnQAHeV9Z2Hhuc5CoBX4YmvB2oL+JIC84z0qO7JsCoNw==}
    engines: {node: '>=22'}

  hono@4.13.5:
    resolution: {integrity: sha512-O6+/eCYRkzzzy0rPWwKLiGBR1nFuUPZynnwjxN1MBA62NNqbT0wQEzQyK2gSO5yDIDB336sXQleAhOHrzlYyKw==}
    engines: {node: '>=16.9.0'}

  ieee754@1.2.1:
    resolution: {integrity: sha512-dcyqhDvX1C46lXZcVqCpK+FtMRQVdIMN6/Df5js2zouUsqG7I6sFxitIC+7KYK29KdXOLHdu9zL4sFnoVQnqaA==}

  memoirist@0.4.0:
    resolution: {integrity: sha512-zxTgA0mSYELa66DimuNQDvyLq36AwDlTuVRbnQtB+VuTcKWm5Qc4z3WkSpgsFWHNhexqkIooqpv4hdcqrX5Nmg==}

  ms@2.1.3:
    resolution: {integrity: sha512-6FlzubTLZG3J2a/NVCAleEhjzq5oxgHyaCU9yYXvcLsvoVaHJq/s5xXI6/XXP6tz7R9xAOtHnSO/tXtF3WRTlA==}

  openapi-types@12.1.3:
    resolution: {integrity: sha512-N4YtSYJqghVu4iek2ZUvcN/0aqH1kRDuNqzcycDxhOUpg7GdvLa2F3DgS6yBNhInhv2r/6I0Flkn7CqL8+nIcw==}

  strtok3@10.3.5:
    resolution: {integrity: sha512-ki4hZQfh5rX0QDLLkOCj+h+CVNkqmp/CMf8v8kZpkNVK6jGQooMytqzLZYUVYIZcFZ6yDB70EfD8POcFXiF5oA==}
    engines: {node: '>=18'}

  token-types@6.1.2:
    resolution: {integrity: sha512-dRXchy+C0IgK8WPC6xvCHFRIWYUbqqdEIKPaKo/AcTUNzwLTK6AH7RjdLWsEZcAN/TBdtfUw3PYEgPr5VPr6ww==}
    engines: {node: '>=14.16'}

  typescript@5.9.3:
    resolution: {integrity: sha512-jl1vZzPDinLr9eUt3J/t7V6FgNEw9QjvBPdysz9KfQDD41fQrC2Y4vKQdiaUpFT4bXlb1RHhLpp8wtm6M5TgSw==}
    engines: {node: '>=14.17'}
    hasBin: true

  uint8array-extras@1.5.0:
    resolution: {integrity: sha512-rvKSBiC5zqCCiDZ9kAOszZcDvdAHwwIKJG33Ykj43OKcWsnmcBRL09YTU4nOeHZ8Y2a7l1MgTd08SBe9A8Qj6A==}
    engines: {node: '>=18'}

  undici-types@8.3.0:
    resolution: {integrity: sha512-j375ScV60dom+YkPFIfTLcOiPxkN/buHz5GobjLhixFuANaNs3C9l4GmrWqejgXWJ7BbJcFYpTEUkS1Ge8bpZQ==}

snapshots:

  '@borewit/text-codec@0.2.2': {}

  '@oven/bun-darwin-aarch64@1.4.0':
    optional: true

  '@oven/bun-darwin-x64@1.4.0':
    optional: true

  '@oven/bun-freebsd-aarch64@1.4.0':
    optional: true

  '@oven/bun-freebsd-x64@1.4.0':
    optional: true

  '@oven/bun-linux-aarch64-android@1.4.0':
    optional: true

  '@oven/bun-linux-aarch64-musl@1.4.0':
    optional: true

  '@oven/bun-linux-aarch64@1.4.0':
    optional: true

  '@oven/bun-linux-x64-android@1.4.0':
    optional: true

  '@oven/bun-linux-x64-musl@1.4.0':
    optional: true

  '@oven/bun-linux-x64@1.4.0':
    optional: true

  '@oven/bun-windows-aarch64@1.4.0':
    optional: true

  '@oven/bun-windows-x64@1.4.0':
    optional: true

  '@sinclair/typebox@0.34.52': {}

  '@tokenizer/inflate@0.4.1':
    dependencies:
      debug: 4.4.3
      token-types: 6.1.2
    transitivePeerDependencies:
      - supports-color

  '@tokenizer/token@0.3.0': {}

  '@types/bun@1.4.0':
    dependencies:
      bun-types: 1.4.0

  '@types/node@26.4.0':
    dependencies:
      undici-types: 8.3.0

  bun-types@1.4.0:
    dependencies:
      '@types/node': 26.4.0

  bun@1.4.0:
    optionalDependencies:
      '@oven/bun-darwin-aarch64': 1.4.0
      '@oven/bun-darwin-x64': 1.4.0
      '@oven/bun-freebsd-aarch64': 1.4.0
      '@oven/bun-freebsd-x64': 1.4.0
      '@oven/bun-linux-aarch64': 1.4.0
      '@oven/bun-linux-aarch64-android': 1.4.0
      '@oven/bun-linux-aarch64-musl': 1.4.0
      '@oven/bun-linux-x64': 1.4.0
      '@oven/bun-linux-x64-android': 1.4.0
      '@oven/bun-linux-x64-musl': 1.4.0
      '@oven/bun-windows-aarch64': 1.4.0
      '@oven/bun-windows-x64': 1.4.0

  cookie@1.1.1: {}

  debug@4.4.3:
    dependencies:
      ms: 2.1.3

  elysia@1.4.30(@sinclair/typebox@0.34.52)(@types/bun@1.4.0)(exact-mirror@1.2.4)(file-type@22.0.2)(openapi-types@12.1.3)(typescript@5.9.3):
    dependencies:
      '@sinclair/typebox': 0.34.52
      cookie: 1.1.1
      exact-mirror: 1.2.4
      fast-decode-uri-component: 1.0.1
      file-type: 22.0.2
      memoirist: 0.4.0
      openapi-types: 12.1.3
    optionalDependencies:
      '@types/bun': 1.4.0
      typescript: 5.9.3

  exact-mirror@1.2.4: {}

  fast-decode-uri-component@1.0.1: {}

  file-type@22.0.2:
    dependencies:
      '@tokenizer/inflate': 0.4.1
      strtok3: 10.3.5
      token-types: 6.1.2
      uint8array-extras: 1.5.0
    transitivePeerDependencies:
      - supports-color

  hono@4.13.5: {}

  ieee754@1.2.1: {}

  memoirist@0.4.0: {}

  ms@2.1.3: {}

  openapi-types@12.1.3: {}

  strtok3@10.3.5:
    dependencies:
      '@tokenizer/token': 0.3.0

  token-types@6.1.2:
    dependencies:
      '@borewit/text-codec': 0.2.2
      '@tokenizer/token': 0.3.0
      ieee754: 1.2.1

  typescript@5.9.3: {}

  uint8array-extras@1.5.0: {}

  undici-types@8.3.0: {}
